// !$*UTF8*$!
{
	archiveVersion = 1;
	classes = {
	};
	objectVersion = 56;
	objects = {

/* Begin PBXBuildFile section */
		CA0064ED2C690E100056D0BF /* mlbdatafile.json in Resources */ = {isa = PBXBuildFile; fileRef = CA0064EC2C690E100056D0BF /* mlbdatafile.json */; };
		CA2A21A82C63CDF1007E98E7 /* GamesModel.swift in Sources */ = {isa = PBXBuildFile; fileRef = CA2A21A72C63CDF1007E98E7 /* GamesModel.swift */; };
		CA2AC8932C63A78C0067D2A5 /* FirstRowSwiftUIApp.swift in Sources */ = {isa = PBXBuildFile; fileRef = CA2AC8922C63A78C0067D2A5 /* FirstRowSwiftUIApp.swift */; };
		CA2AC8952C63A78C0067D2A5 /* ContentView.swift in Sources */ = {isa = PBXBuildFile; fileRef = CA2AC8942C63A78C0067D2A5 /* ContentView.swift */; };
		CA2AC8972C63A7900067D2A5 /* Assets.xcassets in Resources */ = {isa = PBXBuildFile; fileRef = CA2AC8962C63A7900067D2A5 /* Assets.xcassets */; };
		CA2AC89A2C63A7900067D2A5 /* Preview Assets.xcassets in Resources */ = {isa = PBXBuildFile; fileRef = CA2AC8992C63A7900067D2A5 /* Preview Assets.xcassets */; };
		CA2AC8A42C63A7900067D2A5 /* FirstRowSwiftUITests.swift in Sources */ = {isa = PBXBuildFile; fileRef = CA2AC8A32C63A7900067D2A5 /* FirstRowSwiftUITests.swift */; };
		CA2AC8AE2C63A7910067D2A5 /* FirstRowSwiftUIUITests.swift in Sources */ = {isa = PBXBuildFile; fileRef = CA2AC8AD2C63A7910067D2A5 /* FirstRowSwiftUIUITests.swift */; };
		CA2AC8B02C63A7910067D2A5 /* FirstRowSwiftUIUITestsLaunchTests.swift in Sources */ = {isa = PBXBuildFile; fileRef = CA2AC8AF2C63A7910067D2A5 /* FirstRowSwiftUIUITestsLaunchTests.swift */; };
		CA2AC8BD2C63A83A0067D2A5 /* .gitignore in Resources */ = {isa = PBXBuildFile; fileRef = CA2AC8BC2C63A83A0067D2A5 /* .gitignore */; };
		CA2AC8C02C63A98D0067D2A5 /* Launch Screen.storyboard in Resources */ = {isa = PBXBuildFile; fileRef = CA2AC8BF2C63A98D0067D2A5 /* Launch Screen.storyboard */; };
		CA2AC8C32C63AA020067D2A5 /* AssetNames.swift in Sources */ = {isa = PBXBuildFile; fileRef = CA2AC8C22C63AA020067D2A5 /* AssetNames.swift */; };
		CA2AC8C82C63B0520067D2A5 /* HomeView.swift in Sources */ = {isa = PBXBuildFile; fileRef = CA2AC8C72C63B0520067D2A5 /* HomeView.swift */; };
		CA2AC8CB2C63B0660067D2A5 /* NewsView.swift in Sources */ = {isa = PBXBuildFile; fileRef = CA2AC8CA2C63B0660067D2A5 /* NewsView.swift */; };
		CA2AC8CE2C63B0CD0067D2A5 /* ChatView.swift in Sources */ = {isa = PBXBuildFile; fileRef = CA2AC8CD2C63B0CD0067D2A5 /* ChatView.swift */; };
		CA2AC8D12C63B0DF0067D2A5 /* SpecialView.swift in Sources */ = {isa = PBXBuildFile; fileRef = CA2AC8D02C63B0DF0067D2A5 /* SpecialView.swift */; };
		CA2AC8D42C63B16C0067D2A5 /* TabBarView.swift in Sources */ = {isa = PBXBuildFile; fileRef = CA2AC8D32C63B16C0067D2A5 /* TabBarView.swift */; };
		CA2AC8D72C63B6B40067D2A5 /* Color.swift in Sources */ = {isa = PBXBuildFile; fileRef = CA2AC8D62C63B6B40067D2A5 /* Color.swift */; };
		CA2AC8D92C63C0D40067D2A5 /* TabModel.swift in Sources */ = {isa = PBXBuildFile; fileRef = CA2AC8D82C63C0D40067D2A5 /* TabModel.swift */; };
		CA2AC8DB2C63C0F00067D2A5 /* CustomTabBar.swift in Sources */ = {isa = PBXBuildFile; fileRef = CA2AC8DA2C63C0F00067D2A5 /* CustomTabBar.swift */; };
		CA3D44362C63F10900995651 /* AppSettings.swift in Sources */ = {isa = PBXBuildFile; fileRef = CA3D44352C63F10900995651 /* AppSettings.swift */; };
		CA3D44382C64082F00995651 /* navModifier.swift in Sources */ = {isa = PBXBuildFile; fileRef = CA3D44372C64082F00995651 /* navModifier.swift */; };
		CA3D443B2C640E3700995651 /* HorizontalCalenderView.swift in Sources */ = {isa = PBXBuildFile; fileRef = CA3D443A2C640E3700995651 /* HorizontalCalenderView.swift */; };
		CA3D44402C6415DC00995651 /* DateButton.swift in Sources */ = {isa = PBXBuildFile; fileRef = CA3D443F2C6415DC00995651 /* DateButton.swift */; };
		CA70930F2C64F900009E1A08 /* SpecialModel.swift in Sources */ = {isa = PBXBuildFile; fileRef = CA70930E2C64F900009E1A08 /* SpecialModel.swift */; };
		CA7093122C65022C009E1A08 /* Interceptor.swift in Sources */ = {isa = PBXBuildFile; fileRef = CA7093112C65022C009E1A08 /* Interceptor.swift */; };
		CA7093142C65026D009E1A08 /* BaseApiController.swift in Sources */ = {isa = PBXBuildFile; fileRef = CA7093132C65026D009E1A08 /* BaseApiController.swift */; };
		CA7093172C650E14009E1A08 /* Alamofire in Frameworks */ = {isa = PBXBuildFile; productRef = CA7093162C650E14009E1A08 /* Alamofire */; };
		CA70931B2C651240009E1A08 /* ConnectivityRequestRetrier.swift in Sources */ = {isa = PBXBuildFile; fileRef = CA70931A2C651240009E1A08 /* ConnectivityRequestRetrier.swift */; };
		CA70931E2C65127D009E1A08 /* SpecialViewModel.swift in Sources */ = {isa = PBXBuildFile; fileRef = CA70931D2C65127D009E1A08 /* SpecialViewModel.swift */; };
		CA7093212C6512DB009E1A08 /* String.swift in Sources */ = {isa = PBXBuildFile; fileRef = CA7093202C6512DB009E1A08 /* String.swift */; };
		CA9CB8892C6A591A00E2AC48 /* AllGames.swift in Sources */ = {isa = PBXBuildFile; fileRef = CA9CB8882C6A591A00E2AC48 /* AllGames.swift */; };
		CA9CB88B2C6A594900E2AC48 /* HGameListView.swift in Sources */ = {isa = PBXBuildFile; fileRef = CA9CB88A2C6A594900E2AC48 /* HGameListView.swift */; };
		CA9CB88D2C6A597700E2AC48 /* ListBackgroundView.swift in Sources */ = {isa = PBXBuildFile; fileRef = CA9CB88C2C6A597700E2AC48 /* ListBackgroundView.swift */; };
		CA9CB8932C6A5A7D00E2AC48 /* MlbView.swift in Sources */ = {isa = PBXBuildFile; fileRef = CA9CB8922C6A5A7D00E2AC48 /* MlbView.swift */; };
		CA9CB8952C6A5A9500E2AC48 /* MlbGameList.swift in Sources */ = {isa = PBXBuildFile; fileRef = CA9CB8942C6A5A9500E2AC48 /* MlbGameList.swift */; };
		CA9CB8972C6A5AA600E2AC48 /* TeamView.swift in Sources */ = {isa = PBXBuildFile; fileRef = CA9CB8962C6A5AA600E2AC48 /* TeamView.swift */; };
		CA9CB8992C6A5AAF00E2AC48 /* MlbScoreItem.swift in Sources */ = {isa = PBXBuildFile; fileRef = CA9CB8982C6A5AAF00E2AC48 /* MlbScoreItem.swift */; };
		CA9CB89B2C6A5B5500E2AC48 /* MlbViewModel.swift in Sources */ = {isa = PBXBuildFile; fileRef = CA9CB89A2C6A5B5500E2AC48 /* MlbViewModel.swift */; };
		CA9CB89F2C6A93C200E2AC48 /* SpecialDetail.swift in Sources */ = {isa = PBXBuildFile; fileRef = CA9CB89E2C6A93C200E2AC48 /* SpecialDetail.swift */; };
		CAC2F4C02C654B7E00EB8107 /* HTMLText.swift in Sources */ = {isa = PBXBuildFile; fileRef = CAC2F4BF2C654B7E00EB8107 /* HTMLText.swift */; };
		CAD31CFE2C680A670069F300 /* Score.swift in Sources */ = {isa = PBXBuildFile; fileRef = CAD31CFD2C680A670069F300 /* Score.swift */; };
		CAE130AF2C661AA1004EC139 /* Datum.swift in Sources */ = {isa = PBXBuildFile; fileRef = CAE1309C2C661AA0004EC139 /* Datum.swift */; };
		CAE130B42C661AA1004EC139 /* Total.swift in Sources */ = {isa = PBXBuildFile; fileRef = CAE130A12C661AA0004EC139 /* Total.swift */; };
		CAE130B52C661AA1004EC139 /* Line.swift in Sources */ = {isa = PBXBuildFile; fileRef = CAE130A22C661AA0004EC139 /* Line.swift */; };
		CAE130B72C661AA1004EC139 /* Spread.swift in Sources */ = {isa = PBXBuildFile; fileRef = CAE130A42C661AA0004EC139 /* Spread.swift */; };
		CAE130BC2C661AA1004EC139 /* MlbModel.swift in Sources */ = {isa = PBXBuildFile; fileRef = CAE130A92C661AA1004EC139 /* MlbModel.swift */; };
		CAE130BF2C661AA1004EC139 /* Moneyline.swift in Sources */ = {isa = PBXBuildFile; fileRef = CAE130AC2C661AA1004EC139 /* Moneyline.swift */; };
		CAE130C12C661AA1004EC139 /* TeamsNormalized.swift in Sources */ = {isa = PBXBuildFile; fileRef = CAE130AE2C661AA1004EC139 /* TeamsNormalized.swift */; };
/* End PBXBuildFile section */

/* Begin PBXContainerItemProxy section */
		CA2AC8A02C63A7900067D2A5 /* PBXContainerItemProxy */ = {
			isa = PBXContainerItemProxy;
			containerPortal = CA2AC8872C63A78C0067D2A5 /* Project object */;
			proxyType = 1;
			remoteGlobalIDString = CA2AC88E2C63A78C0067D2A5;
			remoteInfo = FirstRowSwiftUI;
		};
		CA2AC8AA2C63A7910067D2A5 /* PBXContainerItemProxy */ = {
			isa = PBXContainerItemProxy;
			containerPortal = CA2AC8872C63A78C0067D2A5 /* Project object */;
			proxyType = 1;
			remoteGlobalIDString = CA2AC88E2C63A78C0067D2A5;
			remoteInfo = FirstRowSwiftUI;
		};
/* End PBXContainerItemProxy section */

/* Begin PBXFileReference section */
		CA0064EC2C690E100056D0BF /* mlbdatafile.json */ = {isa = PBXFileReference; lastKnownFileType = text.json; path = mlbdatafile.json; sourceTree = "<group>"; };
		CA2A21A72C63CDF1007E98E7 /* GamesModel.swift */ = {isa = PBXFileReference; lastKnownFileType = sourcecode.swift; path = GamesModel.swift; sourceTree = "<group>"; };
		CA2AC88F2C63A78C0067D2A5 /* FirstRowSwiftUI.app */ = {isa = PBXFileReference; explicitFileType = wrapper.application; includeInIndex = 0; path = FirstRowSwiftUI.app; sourceTree = BUILT_PRODUCTS_DIR; };
		CA2AC8922C63A78C0067D2A5 /* FirstRowSwiftUIApp.swift */ = {isa = PBXFileReference; lastKnownFileType = sourcecode.swift; path = FirstRowSwiftUIApp.swift; sourceTree = "<group>"; };
		CA2AC8942C63A78C0067D2A5 /* ContentView.swift */ = {isa = PBXFileReference; lastKnownFileType = sourcecode.swift; path = ContentView.swift; sourceTree = "<group>"; };
		CA2AC8962C63A7900067D2A5 /* Assets.xcassets */ = {isa = PBXFileReference; lastKnownFileType = folder.assetcatalog; path = Assets.xcassets; sourceTree = "<group>"; };
		CA2AC8992C63A7900067D2A5 /* Preview Assets.xcassets */ = {isa = PBXFileReference; lastKnownFileType = folder.assetcatalog; path = "Preview Assets.xcassets"; sourceTree = "<group>"; };
		CA2AC89F2C63A7900067D2A5 /* FirstRowSwiftUITests.xctest */ = {isa = PBXFileReference; explicitFileType = wrapper.cfbundle; includeInIndex = 0; path = FirstRowSwiftUITests.xctest; sourceTree = BUILT_PRODUCTS_DIR; };
		CA2AC8A32C63A7900067D2A5 /* FirstRowSwiftUITests.swift */ = {isa = PBXFileReference; lastKnownFileType = sourcecode.swift; path = FirstRowSwiftUITests.swift; sourceTree = "<group>"; };
		CA2AC8A92C63A7910067D2A5 /* FirstRowSwiftUIUITests.xctest */ = {isa = PBXFileReference; explicitFileType = wrapper.cfbundle; includeInIndex = 0; path = FirstRowSwiftUIUITests.xctest; sourceTree = BUILT_PRODUCTS_DIR; };
		CA2AC8AD2C63A7910067D2A5 /* FirstRowSwiftUIUITests.swift */ = {isa = PBXFileReference; lastKnownFileType = sourcecode.swift; path = FirstRowSwiftUIUITests.swift; sourceTree = "<group>"; };
		CA2AC8AF2C63A7910067D2A5 /* FirstRowSwiftUIUITestsLaunchTests.swift */ = {isa = PBXFileReference; lastKnownFileType = sourcecode.swift; path = FirstRowSwiftUIUITestsLaunchTests.swift; sourceTree = "<group>"; };
		CA2AC8BC2C63A83A0067D2A5 /* .gitignore */ = {isa = PBXFileReference; lastKnownFileType = text; path = .gitignore; sourceTree = "<group>"; };
		CA2AC8BF2C63A98D0067D2A5 /* Launch Screen.storyboard */ = {isa = PBXFileReference; lastKnownFileType = file.storyboard; path = "Launch Screen.storyboard"; sourceTree = "<group>"; };
		CA2AC8C22C63AA020067D2A5 /* AssetNames.swift */ = {isa = PBXFileReference; lastKnownFileType = sourcecode.swift; path = AssetNames.swift; sourceTree = "<group>"; };
		CA2AC8C72C63B0520067D2A5 /* HomeView.swift */ = {isa = PBXFileReference; lastKnownFileType = sourcecode.swift; path = HomeView.swift; sourceTree = "<group>"; };
		CA2AC8CA2C63B0660067D2A5 /* NewsView.swift */ = {isa = PBXFileReference; lastKnownFileType = sourcecode.swift; path = NewsView.swift; sourceTree = "<group>"; };
		CA2AC8CD2C63B0CD0067D2A5 /* ChatView.swift */ = {isa = PBXFileReference; lastKnownFileType = sourcecode.swift; path = ChatView.swift; sourceTree = "<group>"; };
		CA2AC8D02C63B0DF0067D2A5 /* SpecialView.swift */ = {isa = PBXFileReference; lastKnownFileType = sourcecode.swift; path = SpecialView.swift; sourceTree = "<group>"; };
		CA2AC8D32C63B16C0067D2A5 /* TabBarView.swift */ = {isa = PBXFileReference; lastKnownFileType = sourcecode.swift; path = TabBarView.swift; sourceTree = "<group>"; };
		CA2AC8D62C63B6B40067D2A5 /* Color.swift */ = {isa = PBXFileReference; lastKnownFileType = sourcecode.swift; path = Color.swift; sourceTree = "<group>"; };
		CA2AC8D82C63C0D40067D2A5 /* TabModel.swift */ = {isa = PBXFileReference; lastKnownFileType = sourcecode.swift; path = TabModel.swift; sourceTree = "<group>"; };
		CA2AC8DA2C63C0F00067D2A5 /* CustomTabBar.swift */ = {isa = PBXFileReference; lastKnownFileType = sourcecode.swift; path = CustomTabBar.swift; sourceTree = "<group>"; };
		CA3D44352C63F10900995651 /* AppSettings.swift */ = {isa = PBXFileReference; lastKnownFileType = sourcecode.swift; path = AppSettings.swift; sourceTree = "<group>"; };
		CA3D44372C64082F00995651 /* navModifier.swift */ = {isa = PBXFileReference; lastKnownFileType = sourcecode.swift; path = navModifier.swift; sourceTree = "<group>"; };
		CA3D443A2C640E3700995651 /* HorizontalCalenderView.swift */ = {isa = PBXFileReference; lastKnownFileType = sourcecode.swift; path = HorizontalCalenderView.swift; sourceTree = "<group>"; };
		CA3D443F2C6415DC00995651 /* DateButton.swift */ = {isa = PBXFileReference; lastKnownFileType = sourcecode.swift; path = DateButton.swift; sourceTree = "<group>"; };
		CA70930E2C64F900009E1A08 /* SpecialModel.swift */ = {isa = PBXFileReference; lastKnownFileType = sourcecode.swift; path = SpecialModel.swift; sourceTree = "<group>"; };
		CA7093112C65022C009E1A08 /* Interceptor.swift */ = {isa = PBXFileReference; lastKnownFileType = sourcecode.swift; path = Interceptor.swift; sourceTree = "<group>"; };
		CA7093132C65026D009E1A08 /* BaseApiController.swift */ = {isa = PBXFileReference; lastKnownFileType = sourcecode.swift; path = BaseApiController.swift; sourceTree = "<group>"; };
		CA70931A2C651240009E1A08 /* ConnectivityRequestRetrier.swift */ = {isa = PBXFileReference; lastKnownFileType = sourcecode.swift; path = ConnectivityRequestRetrier.swift; sourceTree = "<group>"; };
		CA70931D2C65127D009E1A08 /* SpecialViewModel.swift */ = {isa = PBXFileReference; lastKnownFileType = sourcecode.swift; path = SpecialViewModel.swift; sourceTree = "<group>"; };
		CA7093202C6512DB009E1A08 /* String.swift */ = {isa = PBXFileReference; lastKnownFileType = sourcecode.swift; path = String.swift; sourceTree = "<group>"; };
		CA9CB8882C6A591A00E2AC48 /* AllGames.swift */ = {isa = PBXFileReference; lastKnownFileType = sourcecode.swift; path = AllGames.swift; sourceTree = "<group>"; };
		CA9CB88A2C6A594900E2AC48 /* HGameListView.swift */ = {isa = PBXFileReference; lastKnownFileType = sourcecode.swift; path = HGameListView.swift; sourceTree = "<group>"; };
		CA9CB88C2C6A597700E2AC48 /* ListBackgroundView.swift */ = {isa = PBXFileReference; lastKnownFileType = sourcecode.swift; path = ListBackgroundView.swift; sourceTree = "<group>"; };
		CA9CB8922C6A5A7D00E2AC48 /* MlbView.swift */ = {isa = PBXFileReference; lastKnownFileType = sourcecode.swift; path = MlbView.swift; sourceTree = "<group>"; };
		CA9CB8942C6A5A9500E2AC48 /* MlbGameList.swift */ = {isa = PBXFileReference; lastKnownFileType = sourcecode.swift; path = MlbGameList.swift; sourceTree = "<group>"; };
		CA9CB8962C6A5AA600E2AC48 /* TeamView.swift */ = {isa = PBXFileReference; lastKnownFileType = sourcecode.swift; path = TeamView.swift; sourceTree = "<group>"; };
		CA9CB8982C6A5AAF00E2AC48 /* MlbScoreItem.swift */ = {isa = PBXFileReference; lastKnownFileType = sourcecode.swift; path = MlbScoreItem.swift; sourceTree = "<group>"; };
		CA9CB89A2C6A5B5500E2AC48 /* MlbViewModel.swift */ = {isa = PBXFileReference; lastKnownFileType = sourcecode.swift; path = MlbViewModel.swift; sourceTree = "<group>"; };
		CA9CB89E2C6A93C200E2AC48 /* SpecialDetail.swift */ = {isa = PBXFileReference; lastKnownFileType = sourcecode.swift; path = SpecialDetail.swift; sourceTree = "<group>"; };
		CAC2F4BF2C654B7E00EB8107 /* HTMLText.swift */ = {isa = PBXFileReference; lastKnownFileType = sourcecode.swift; path = HTMLText.swift; sourceTree = "<group>"; };
		CAD31CFD2C680A670069F300 /* Score.swift */ = {isa = PBXFileReference; lastKnownFileType = sourcecode.swift; path = Score.swift; sourceTree = "<group>"; };
		CAE1309C2C661AA0004EC139 /* Datum.swift */ = {isa = PBXFileReference; fileEncoding = 4; lastKnownFileType = sourcecode.swift; path = Datum.swift; sourceTree = "<group>"; };
		CAE130A12C661AA0004EC139 /* Total.swift */ = {isa = PBXFileReference; fileEncoding = 4; lastKnownFileType = sourcecode.swift; path = Total.swift; sourceTree = "<group>"; };
		CAE130A22C661AA0004EC139 /* Line.swift */ = {isa = PBXFileReference; fileEncoding = 4; lastKnownFileType = sourcecode.swift; path = Line.swift; sourceTree = "<group>"; };
		CAE130A42C661AA0004EC139 /* Spread.swift */ = {isa = PBXFileReference; fileEncoding = 4; lastKnownFileType = sourcecode.swift; path = Spread.swift; sourceTree = "<group>"; };
		CAE130A92C661AA1004EC139 /* MlbModel.swift */ = {isa = PBXFileReference; fileEncoding = 4; lastKnownFileType = sourcecode.swift; path = MlbModel.swift; sourceTree = "<group>"; };
		CAE130AC2C661AA1004EC139 /* Moneyline.swift */ = {isa = PBXFileReference; fileEncoding = 4; lastKnownFileType = sourcecode.swift; path = Moneyline.swift; sourceTree = "<group>"; };
		CAE130AE2C661AA1004EC139 /* TeamsNormalized.swift */ = {isa = PBXFileReference; fileEncoding = 4; lastKnownFileType = sourcecode.swift; path = TeamsNormalized.swift; sourceTree = "<group>"; };
/* End PBXFileReference section */

/* Begin PBXFrameworksBuildPhase section */
		CA2AC88C2C63A78C0067D2A5 /* Frameworks */ = {
			isa = PBXFrameworksBuildPhase;
			buildActionMask = 2147483647;
			files = (
				CA7093172C650E14009E1A08 /* Alamofire in Frameworks */,
			);
			runOnlyForDeploymentPostprocessing = 0;
		};
		CA2AC89C2C63A7900067D2A5 /* Frameworks */ = {
			isa = PBXFrameworksBuildPhase;
			buildActionMask = 2147483647;
			files = (
			);
			runOnlyForDeploymentPostprocessing = 0;
		};
		CA2AC8A62C63A7910067D2A5 /* Frameworks */ = {
			isa = PBXFrameworksBuildPhase;
			buildActionMask = 2147483647;
			files = (
			);
			runOnlyForDeploymentPostprocessing = 0;
		};
/* End PBXFrameworksBuildPhase section */

/* Begin PBXGroup section */
		CA2A21A42C63CDBC007E98E7 /* Views */ = {
			isa = PBXGroup;
			children = (
				CA9CB8862C6A58BC00E2AC48 /* Games */,
				CA3D44392C640E2100995651 /* Calender */,
				CA2AC8D22C63B15F0067D2A5 /* TabView */,
				CA2AC8CF2C63B0D10067D2A5 /* Special */,
				CA2AC8CC2C63B06B0067D2A5 /* Chat */,
				CA2AC8C92C63B0590067D2A5 /* News */,
				CA2AC8C62C63B0380067D2A5 /* Home */,
			);
			path = Views;
			sourceTree = "<group>";
		};
		CA2A21A62C63CDDB007E98E7 /* Models */ = {
			isa = PBXGroup;
			children = (
				CAC2F4C52C65749900EB8107 /* MLBModel */,
				CAC2F4BA2C65458900EB8107 /* SpecialModel */,
				CA2A21A72C63CDF1007E98E7 /* GamesModel.swift */,
			);
			path = Models;
			sourceTree = "<group>";
		};
		CA2AC8862C63A78C0067D2A5 = {
			isa = PBXGroup;
			children = (
				CA2AC8BC2C63A83A0067D2A5 /* .gitignore */,
				CA2AC8912C63A78C0067D2A5 /* FirstRowSwiftUI */,
				CA2AC8A22C63A7900067D2A5 /* FirstRowSwiftUITests */,
				CA2AC8AC2C63A7910067D2A5 /* FirstRowSwiftUIUITests */,
				CA2AC8902C63A78C0067D2A5 /* Products */,
			);
			sourceTree = "<group>";
		};
		CA2AC8902C63A78C0067D2A5 /* Products */ = {
			isa = PBXGroup;
			children = (
				CA2AC88F2C63A78C0067D2A5 /* FirstRowSwiftUI.app */,
				CA2AC89F2C63A7900067D2A5 /* FirstRowSwiftUITests.xctest */,
				CA2AC8A92C63A7910067D2A5 /* FirstRowSwiftUIUITests.xctest */,
			);
			name = Products;
			sourceTree = "<group>";
		};
		CA2AC8912C63A78C0067D2A5 /* FirstRowSwiftUI */ = {
			isa = PBXGroup;
			children = (
				CA7093102C650210009E1A08 /* Network */,
				CA3D44342C63F0F400995651 /* Utils */,
				CA2A21A62C63CDDB007E98E7 /* Models */,
				CA2A21A42C63CDBC007E98E7 /* Views */,
				CA2AC8D52C63B69E0067D2A5 /* Extensions */,
				CA2AC8C12C63A9E50067D2A5 /* Assets */,
				CA2AC8BE2C63A92F0067D2A5 /* Resources */,
				CA2AC8922C63A78C0067D2A5 /* FirstRowSwiftUIApp.swift */,
				CA2AC8942C63A78C0067D2A5 /* ContentView.swift */,
				CA2AC8962C63A7900067D2A5 /* Assets.xcassets */,
				CA2AC8982C63A7900067D2A5 /* Preview Content */,
				CA0064EC2C690E100056D0BF /* mlbdatafile.json */,
			);
			path = FirstRowSwiftUI;
			sourceTree = "<group>";
		};
		CA2AC8982C63A7900067D2A5 /* Preview Content */ = {
			isa = PBXGroup;
			children = (
				CA2AC8992C63A7900067D2A5 /* Preview Assets.xcassets */,
			);
			path = "Preview Content";
			sourceTree = "<group>";
		};
		CA2AC8A22C63A7900067D2A5 /* FirstRowSwiftUITests */ = {
			isa = PBXGroup;
			children = (
				CA2AC8A32C63A7900067D2A5 /* FirstRowSwiftUITests.swift */,
			);
			path = FirstRowSwiftUITests;
			sourceTree = "<group>";
		};
		CA2AC8AC2C63A7910067D2A5 /* FirstRowSwiftUIUITests */ = {
			isa = PBXGroup;
			children = (
				CA2AC8AD2C63A7910067D2A5 /* FirstRowSwiftUIUITests.swift */,
				CA2AC8AF2C63A7910067D2A5 /* FirstRowSwiftUIUITestsLaunchTests.swift */,
			);
			path = FirstRowSwiftUIUITests;
			sourceTree = "<group>";
		};
		CA2AC8BE2C63A92F0067D2A5 /* Resources */ = {
			isa = PBXGroup;
			children = (
				CA2AC8BF2C63A98D0067D2A5 /* Launch Screen.storyboard */,
			);
			path = Resources;
			sourceTree = "<group>";
		};
		CA2AC8C12C63A9E50067D2A5 /* Assets */ = {
			isa = PBXGroup;
			children = (
				CA2AC8C22C63AA020067D2A5 /* AssetNames.swift */,
			);
			path = Assets;
			sourceTree = "<group>";
		};
		CA2AC8C62C63B0380067D2A5 /* Home */ = {
			isa = PBXGroup;
			children = (
				CA2AC8C72C63B0520067D2A5 /* HomeView.swift */,
			);
			path = Home;
			sourceTree = "<group>";
		};
		CA2AC8C92C63B0590067D2A5 /* News */ = {
			isa = PBXGroup;
			children = (
				CA2AC8CA2C63B0660067D2A5 /* NewsView.swift */,
			);
			path = News;
			sourceTree = "<group>";
		};
		CA2AC8CC2C63B06B0067D2A5 /* Chat */ = {
			isa = PBXGroup;
			children = (
				CA2AC8CD2C63B0CD0067D2A5 /* ChatView.swift */,
			);
			path = Chat;
			sourceTree = "<group>";
		};
		CA2AC8CF2C63B0D10067D2A5 /* Special */ = {
			isa = PBXGroup;
			children = (
				CA70931F2C651286009E1A08 /* View */,
				CA70931C2C65126F009E1A08 /* viewModel */,
			);
			path = Special;
			sourceTree = "<group>";
		};
		CA2AC8D22C63B15F0067D2A5 /* TabView */ = {
			isa = PBXGroup;
			children = (
				CA2AC8D32C63B16C0067D2A5 /* TabBarView.swift */,
				CA2AC8D82C63C0D40067D2A5 /* TabModel.swift */,
				CA2AC8DA2C63C0F00067D2A5 /* CustomTabBar.swift */,
			);
			path = TabView;
			sourceTree = "<group>";
		};
		CA2AC8D52C63B69E0067D2A5 /* Extensions */ = {
			isa = PBXGroup;
			children = (
				CA2AC8D62C63B6B40067D2A5 /* Color.swift */,
				CA7093202C6512DB009E1A08 /* String.swift */,
				CAC2F4BF2C654B7E00EB8107 /* HTMLText.swift */,
			);
			path = Extensions;
			sourceTree = "<group>";
		};
		CA3D44342C63F0F400995651 /* Utils */ = {
			isa = PBXGroup;
			children = (
				CA3D44352C63F10900995651 /* AppSettings.swift */,
				CA3D44372C64082F00995651 /* navModifier.swift */,
			);
			path = Utils;
			sourceTree = "<group>";
		};
		CA3D44392C640E2100995651 /* Calender */ = {
			isa = PBXGroup;
			children = (
				CA3D443A2C640E3700995651 /* HorizontalCalenderView.swift */,
				CA3D443F2C6415DC00995651 /* DateButton.swift */,
			);
			path = Calender;
			sourceTree = "<group>";
		};
		CA7093102C650210009E1A08 /* Network */ = {
			isa = PBXGroup;
			children = (
				CA7093112C65022C009E1A08 /* Interceptor.swift */,
				CA7093132C65026D009E1A08 /* BaseApiController.swift */,
				CA70931A2C651240009E1A08 /* ConnectivityRequestRetrier.swift */,
			);
			path = Network;
			sourceTree = "<group>";
		};
		CA70931C2C65126F009E1A08 /* viewModel */ = {
			isa = PBXGroup;
			children = (
				CA70931D2C65127D009E1A08 /* SpecialViewModel.swift */,
			);
			path = viewModel;
			sourceTree = "<group>";
		};
		CA70931F2C651286009E1A08 /* View */ = {
			isa = PBXGroup;
			children = (
				CA2AC8D02C63B0DF0067D2A5 /* SpecialView.swift */,
				CA9CB89E2C6A93C200E2AC48 /* SpecialDetail.swift */,
			);
			path = View;
			sourceTree = "<group>";
		};
		CA9CB8862C6A58BC00E2AC48 /* Games */ = {
			isa = PBXGroup;
			children = (
				CA9CB88E2C6A599700E2AC48 /* SportsList */,
				CA9CB8872C6A58F000E2AC48 /* AllGamesPage */,
			);
			path = Games;
			sourceTree = "<group>";
		};
		CA9CB8872C6A58F000E2AC48 /* AllGamesPage */ = {
			isa = PBXGroup;
			children = (
				CA9CB8882C6A591A00E2AC48 /* AllGames.swift */,
				CA9CB88A2C6A594900E2AC48 /* HGameListView.swift */,
				CA9CB88C2C6A597700E2AC48 /* ListBackgroundView.swift */,
			);
			path = AllGamesPage;
			sourceTree = "<group>";
		};
		CA9CB88E2C6A599700E2AC48 /* SportsList */ = {
			isa = PBXGroup;
			children = (
				CA9CB88F2C6A5A2300E2AC48 /* Mlb */,
			);
			path = SportsList;
			sourceTree = "<group>";
		};
		CA9CB88F2C6A5A2300E2AC48 /* Mlb */ = {
			isa = PBXGroup;
			children = (
				CA9CB8912C6A5A5B00E2AC48 /* View */,
				CA9CB8902C6A5A5200E2AC48 /* ViewModel */,
			);
			path = Mlb;
			sourceTree = "<group>";
		};
		CA9CB8902C6A5A5200E2AC48 /* ViewModel */ = {
			isa = PBXGroup;
			children = (
				CA9CB89A2C6A5B5500E2AC48 /* MlbViewModel.swift */,
			);
			path = ViewModel;
			sourceTree = "<group>";
		};
		CA9CB8912C6A5A5B00E2AC48 /* View */ = {
			isa = PBXGroup;
			children = (
				CA9CB8922C6A5A7D00E2AC48 /* MlbView.swift */,
				CA9CB8942C6A5A9500E2AC48 /* MlbGameList.swift */,
				CA9CB8962C6A5AA600E2AC48 /* TeamView.swift */,
				CA9CB8982C6A5AAF00E2AC48 /* MlbScoreItem.swift */,
			);
			path = View;
			sourceTree = "<group>";
		};
		CAC2F4BA2C65458900EB8107 /* SpecialModel */ = {
			isa = PBXGroup;
			children = (
				CA70930E2C64F900009E1A08 /* SpecialModel.swift */,
			);
			path = SpecialModel;
			sourceTree = "<group>";
		};
		CAC2F4C52C65749900EB8107 /* MLBModel */ = {
			isa = PBXGroup;
			children = (
				CAE1309C2C661AA0004EC139 /* Datum.swift */,
				CAE130A22C661AA0004EC139 /* Line.swift */,
				CAE130A92C661AA1004EC139 /* MlbModel.swift */,
				CAE130AC2C661AA1004EC139 /* Moneyline.swift */,
				CAE130A42C661AA0004EC139 /* Spread.swift */,
				CAE130AE2C661AA1004EC139 /* TeamsNormalized.swift */,
				CAE130A12C661AA0004EC139 /* Total.swift */,
				CAD31CFD2C680A670069F300 /* Score.swift */,
			);
			path = MLBModel;
			sourceTree = "<group>";
		};
/* End PBXGroup section */

/* Begin PBXNativeTarget section */
		CA2AC88E2C63A78C0067D2A5 /* FirstRowSwiftUI */ = {
			isa = PBXNativeTarget;
			buildConfigurationList = CA2AC8B32C63A7910067D2A5 /* Build configuration list for PBXNativeTarget "FirstRowSwiftUI" */;
			buildPhases = (
				CA2AC88B2C63A78C0067D2A5 /* Sources */,
				CA2AC88C2C63A78C0067D2A5 /* Frameworks */,
				CA2AC88D2C63A78C0067D2A5 /* Resources */,
			);
			buildRules = (
			);
			dependencies = (
			);
			name = FirstRowSwiftUI;
			packageProductDependencies = (
				CA7093162C650E14009E1A08 /* Alamofire */,
			);
			productName = FirstRowSwiftUI;
			productReference = CA2AC88F2C63A78C0067D2A5 /* FirstRowSwiftUI.app */;
			productType = "com.apple.product-type.application";
		};
		CA2AC89E2C63A7900067D2A5 /* FirstRowSwiftUITests */ = {
			isa = PBXNativeTarget;
			buildConfigurationList = CA2AC8B62C63A7910067D2A5 /* Build configuration list for PBXNativeTarget "FirstRowSwiftUITests" */;
			buildPhases = (
				CA2AC89B2C63A7900067D2A5 /* Sources */,
				CA2AC89C2C63A7900067D2A5 /* Frameworks */,
				CA2AC89D2C63A7900067D2A5 /* Resources */,
			);
			buildRules = (
			);
			dependencies = (
				CA2AC8A12C63A7900067D2A5 /* PBXTargetDependency */,
			);
			name = FirstRowSwiftUITests;
			productName = FirstRowSwiftUITests;
			productReference = CA2AC89F2C63A7900067D2A5 /* FirstRowSwiftUITests.xctest */;
			productType = "com.apple.product-type.bundle.unit-test";
		};
		CA2AC8A82C63A7910067D2A5 /* FirstRowSwiftUIUITests */ = {
			isa = PBXNativeTarget;
			buildConfigurationList = CA2AC8B92C63A7910067D2A5 /* Build configuration list for PBXNativeTarget "FirstRowSwiftUIUITests" */;
			buildPhases = (
				CA2AC8A52C63A7910067D2A5 /* Sources */,
				CA2AC8A62C63A7910067D2A5 /* Frameworks */,
				CA2AC8A72C63A7910067D2A5 /* Resources */,
			);
			buildRules = (
			);
			dependencies = (
				CA2AC8AB2C63A7910067D2A5 /* PBXTargetDependency */,
			);
			name = FirstRowSwiftUIUITests;
			productName = FirstRowSwiftUIUITests;
			productReference = CA2AC8A92C63A7910067D2A5 /* FirstRowSwiftUIUITests.xctest */;
			productType = "com.apple.product-type.bundle.ui-testing";
		};
/* End PBXNativeTarget section */

/* Begin PBXProject section */
		CA2AC8872C63A78C0067D2A5 /* Project object */ = {
			isa = PBXProject;
			attributes = {
				BuildIndependentTargetsInParallel = 1;
				LastSwiftUpdateCheck = 1520;
				LastUpgradeCheck = 1520;
				TargetAttributes = {
					CA2AC88E2C63A78C0067D2A5 = {
						CreatedOnToolsVersion = 15.2;
					};
					CA2AC89E2C63A7900067D2A5 = {
						CreatedOnToolsVersion = 15.2;
						TestTargetID = CA2AC88E2C63A78C0067D2A5;
					};
					CA2AC8A82C63A7910067D2A5 = {
						CreatedOnToolsVersion = 15.2;
						TestTargetID = CA2AC88E2C63A78C0067D2A5;
					};
				};
			};
			buildConfigurationList = CA2AC88A2C63A78C0067D2A5 /* Build configuration list for PBXProject "FirstRowSwiftUI" */;
			compatibilityVersion = "Xcode 14.0";
			developmentRegion = en;
			hasScannedForEncodings = 0;
			knownRegions = (
				en,
				Base,
			);
			mainGroup = CA2AC8862C63A78C0067D2A5;
			packageReferences = (
				CA7093152C650E12009E1A08 /* XCRemoteSwiftPackageReference "Alamofire" */,
			);
			productRefGroup = CA2AC8902C63A78C0067D2A5 /* Products */;
			projectDirPath = "";
			projectRoot = "";
			targets = (
				CA2AC88E2C63A78C0067D2A5 /* FirstRowSwiftUI */,
				CA2AC89E2C63A7900067D2A5 /* FirstRowSwiftUITests */,
				CA2AC8A82C63A7910067D2A5 /* FirstRowSwiftUIUITests */,
			);
		};
/* End PBXProject section */

/* Begin PBXResourcesBuildPhase section */
		CA2AC88D2C63A78C0067D2A5 /* Resources */ = {
			isa = PBXResourcesBuildPhase;
			buildActionMask = 2147483647;
			files = (
				CA2AC89A2C63A7900067D2A5 /* Preview Assets.xcassets in Resources */,
				CA0064ED2C690E100056D0BF /* mlbdatafile.json in Resources */,
				CA2AC8BD2C63A83A0067D2A5 /* .gitignore in Resources */,
				CA2AC8C02C63A98D0067D2A5 /* Launch Screen.storyboard in Resources */,
				CA2AC8972C63A7900067D2A5 /* Assets.xcassets in Resources */,
			);
			runOnlyForDeploymentPostprocessing = 0;
		};
		CA2AC89D2C63A7900067D2A5 /* Resources */ = {
			isa = PBXResourcesBuildPhase;
			buildActionMask = 2147483647;
			files = (
			);
			runOnlyForDeploymentPostprocessing = 0;
		};
		CA2AC8A72C63A7910067D2A5 /* Resources */ = {
			isa = PBXResourcesBuildPhase;
			buildActionMask = 2147483647;
			files = (
			);
			runOnlyForDeploymentPostprocessing = 0;
		};
/* End PBXResourcesBuildPhase section */

/* Begin PBXSourcesBuildPhase section */
		CA2AC88B2C63A78C0067D2A5 /* Sources */ = {
			isa = PBXSourcesBuildPhase;
			buildActionMask = 2147483647;
			files = (
				CA2AC8952C63A78C0067D2A5 /* ContentView.swift in Sources */,
				CAC2F4C02C654B7E00EB8107 /* HTMLText.swift in Sources */,
				CA2AC8C82C63B0520067D2A5 /* HomeView.swift in Sources */,
				CA3D44382C64082F00995651 /* navModifier.swift in Sources */,
				CA3D44362C63F10900995651 /* AppSettings.swift in Sources */,
				CA2AC8932C63A78C0067D2A5 /* FirstRowSwiftUIApp.swift in Sources */,
				CA2AC8DB2C63C0F00067D2A5 /* CustomTabBar.swift in Sources */,
				CAE130B52C661AA1004EC139 /* Line.swift in Sources */,
				CAE130B42C661AA1004EC139 /* Total.swift in Sources */,
				CAE130AF2C661AA1004EC139 /* Datum.swift in Sources */,
				CA9CB89F2C6A93C200E2AC48 /* SpecialDetail.swift in Sources */,
				CAE130B72C661AA1004EC139 /* Spread.swift in Sources */,
				CA9CB8992C6A5AAF00E2AC48 /* MlbScoreItem.swift in Sources */,
				CA7093142C65026D009E1A08 /* BaseApiController.swift in Sources */,
				CAD31CFE2C680A670069F300 /* Score.swift in Sources */,
				CA9CB8932C6A5A7D00E2AC48 /* MlbView.swift in Sources */,
				CA3D44402C6415DC00995651 /* DateButton.swift in Sources */,
				CA2AC8CB2C63B0660067D2A5 /* NewsView.swift in Sources */,
				CA2AC8D42C63B16C0067D2A5 /* TabBarView.swift in Sources */,
				CA7093122C65022C009E1A08 /* Interceptor.swift in Sources */,
				CAE130C12C661AA1004EC139 /* TeamsNormalized.swift in Sources */,
				CA2AC8D12C63B0DF0067D2A5 /* SpecialView.swift in Sources */,
				CA3D443B2C640E3700995651 /* HorizontalCalenderView.swift in Sources */,
				CA70931E2C65127D009E1A08 /* SpecialViewModel.swift in Sources */,
				CA7093212C6512DB009E1A08 /* String.swift in Sources */,
				CA9CB88D2C6A597700E2AC48 /* ListBackgroundView.swift in Sources */,
				CA2AC8CE2C63B0CD0067D2A5 /* ChatView.swift in Sources */,
				CA9CB88B2C6A594900E2AC48 /* HGameListView.swift in Sources */,
				CA9CB8972C6A5AA600E2AC48 /* TeamView.swift in Sources */,
				CA2AC8C32C63AA020067D2A5 /* AssetNames.swift in Sources */,
				CA9CB89B2C6A5B5500E2AC48 /* MlbViewModel.swift in Sources */,
				CA2A21A82C63CDF1007E98E7 /* GamesModel.swift in Sources */,
				CA2AC8D72C63B6B40067D2A5 /* Color.swift in Sources */,
				CA2AC8D92C63C0D40067D2A5 /* TabModel.swift in Sources */,
				CAE130BF2C661AA1004EC139 /* Moneyline.swift in Sources */,
				CAE130BC2C661AA1004EC139 /* MlbModel.swift in Sources */,
				CA70930F2C64F900009E1A08 /* SpecialModel.swift in Sources */,
				CA9CB8952C6A5A9500E2AC48 /* MlbGameList.swift in Sources */,
				CA9CB8892C6A591A00E2AC48 /* AllGames.swift in Sources */,
				CA70931B2C651240009E1A08 /* ConnectivityRequestRetrier.swift in Sources */,
			);
			runOnlyForDeploymentPostprocessing = 0;
		};
		CA2AC89B2C63A7900067D2A5 /* Sources */ = {
			isa = PBXSourcesBuildPhase;
			buildActionMask = 2147483647;
			files = (
				CA2AC8A42C63A7900067D2A5 /* FirstRowSwiftUITests.swift in Sources */,
			);
			runOnlyForDeploymentPostprocessing = 0;
		};
		CA2AC8A52C63A7910067D2A5 /* Sources */ = {
			isa = PBXSourcesBuildPhase;
			buildActionMask = 2147483647;
			files = (
				CA2AC8B02C63A7910067D2A5 /* FirstRowSwiftUIUITestsLaunchTests.swift in Sources */,
				CA2AC8AE2C63A7910067D2A5 /* FirstRowSwiftUIUITests.swift in Sources */,
			);
			runOnlyForDeploymentPostprocessing = 0;
		};
/* End PBXSourcesBuildPhase section */

/* Begin PBXTargetDependency section */
		CA2AC8A12C63A7900067D2A5 /* PBXTargetDependency */ = {
			isa = PBXTargetDependency;
			target = CA2AC88E2C63A78C0067D2A5 /* FirstRowSwiftUI */;
			targetProxy = CA2AC8A02C63A7900067D2A5 /* PBXContainerItemProxy */;
		};
		CA2AC8AB2C63A7910067D2A5 /* PBXTargetDependency */ = {
			isa = PBXTargetDependency;
			target = CA2AC88E2C63A78C0067D2A5 /* FirstRowSwiftUI */;
			targetProxy = CA2AC8AA2C63A7910067D2A5 /* PBXContainerItemProxy */;
		};
/* End PBXTargetDependency section */

/* Begin XCBuildConfiguration section */
		CA2AC8B12C63A7910067D2A5 /* Debug */ = {
			isa = XCBuildConfiguration;
			buildSettings = {
				ALWAYS_SEARCH_USER_PATHS = NO;
				ASSETCATALOG_COMPILER_GENERATE_SWIFT_ASSET_SYMBOL_EXTENSIONS = YES;
				CLANG_ANALYZER_NONNULL = YES;
				CLANG_ANALYZER_NUMBER_OBJECT_CONVERSION = YES_AGGRESSIVE;
				CLANG_CXX_LANGUAGE_STANDARD = "gnu++20";
				CLANG_ENABLE_MODULES = YES;
				CLANG_ENABLE_OBJC_ARC = YES;
				CLANG_ENABLE_OBJC_WEAK = YES;
				CLANG_WARN_BLOCK_CAPTURE_AUTORELEASING = YES;
				CLANG_WARN_BOOL_CONVERSION = YES;
				CLANG_WARN_COMMA = YES;
				CLANG_WARN_CONSTANT_CONVERSION = YES;
				CLANG_WARN_DEPRECATED_OBJC_IMPLEMENTATIONS = YES;
				CLANG_WARN_DIRECT_OBJC_ISA_USAGE = YES_ERROR;
				CLANG_WARN_DOCUMENTATION_COMMENTS = YES;
				CLANG_WARN_EMPTY_BODY = YES;
				CLANG_WARN_ENUM_CONVERSION = YES;
				CLANG_WARN_INFINITE_RECURSION = YES;
				CLANG_WARN_INT_CONVERSION = YES;
				CLANG_WARN_NON_LITERAL_NULL_CONVERSION = YES;
				CLANG_WARN_OBJC_IMPLICIT_RETAIN_SELF = YES;
				CLANG_WARN_OBJC_LITERAL_CONVERSION = YES;
				CLANG_WARN_OBJC_ROOT_CLASS = YES_ERROR;
				CLANG_WARN_QUOTED_INCLUDE_IN_FRAMEWORK_HEADER = YES;
				CLANG_WARN_RANGE_LOOP_ANALYSIS = YES;
				CLANG_WARN_STRICT_PROTOTYPES = YES;
				CLANG_WARN_SUSPICIOUS_MOVE = YES;
				CLANG_WARN_UNGUARDED_AVAILABILITY = YES_AGGRESSIVE;
				CLANG_WARN_UNREACHABLE_CODE = YES;
				CLANG_WARN__DUPLICATE_METHOD_MATCH = YES;
				COPY_PHASE_STRIP = NO;
				DEBUG_INFORMATION_FORMAT = dwarf;
				ENABLE_STRICT_OBJC_MSGSEND = YES;
				ENABLE_TESTABILITY = YES;
				ENABLE_USER_SCRIPT_SANDBOXING = YES;
				GCC_C_LANGUAGE_STANDARD = gnu17;
				GCC_DYNAMIC_NO_PIC = NO;
				GCC_NO_COMMON_BLOCKS = YES;
				GCC_OPTIMIZATION_LEVEL = 0;
				GCC_PREPROCESSOR_DEFINITIONS = (
					"DEBUG=1",
					"$(inherited)",
				);
				GCC_WARN_64_TO_32_BIT_CONVERSION = YES;
				GCC_WARN_ABOUT_RETURN_TYPE = YES_ERROR;
				GCC_WARN_UNDECLARED_SELECTOR = YES;
				GCC_WARN_UNINITIALIZED_AUTOS = YES_AGGRESSIVE;
				GCC_WARN_UNUSED_FUNCTION = YES;
				GCC_WARN_UNUSED_VARIABLE = YES;
				IPHONEOS_DEPLOYMENT_TARGET = 17.2;
				LOCALIZATION_PREFERS_STRING_CATALOGS = YES;
				MTL_ENABLE_DEBUG_INFO = INCLUDE_SOURCE;
				MTL_FAST_MATH = YES;
				ONLY_ACTIVE_ARCH = YES;
				SDKROOT = iphoneos;
				SWIFT_ACTIVE_COMPILATION_CONDITIONS = "DEBUG $(inherited)";
				SWIFT_OPTIMIZATION_LEVEL = "-Onone";
			};
			name = Debug;
		};
		CA2AC8B22C63A7910067D2A5 /* Release */ = {
			isa = XCBuildConfiguration;
			buildSettings = {
				ALWAYS_SEARCH_USER_PATHS = NO;
				ASSETCATALOG_COMPILER_GENERATE_SWIFT_ASSET_SYMBOL_EXTENSIONS = YES;
				CLANG_ANALYZER_NONNULL = YES;
				CLANG_ANALYZER_NUMBER_OBJECT_CONVERSION = YES_AGGRESSIVE;
				CLANG_CXX_LANGUAGE_STANDARD = "gnu++20";
				CLANG_ENABLE_MODULES = YES;
				CLANG_ENABLE_OBJC_ARC = YES;
				CLANG_ENABLE_OBJC_WEAK = YES;
				CLANG_WARN_BLOCK_CAPTURE_AUTORELEASING = YES;
				CLANG_WARN_BOOL_CONVERSION = YES;
				CLANG_WARN_COMMA = YES;
				CLANG_WARN_CONSTANT_CONVERSION = YES;
				CLANG_WARN_DEPRECATED_OBJC_IMPLEMENTATIONS = YES;
				CLANG_WARN_DIRECT_OBJC_ISA_USAGE = YES_ERROR;
				CLANG_WARN_DOCUMENTATION_COMMENTS = YES;
				CLANG_WARN_EMPTY_BODY = YES;
				CLANG_WARN_ENUM_CONVERSION = YES;
				CLANG_WARN_INFINITE_RECURSION = YES;
				CLANG_WARN_INT_CONVERSION = YES;
				CLANG_WARN_NON_LITERAL_NULL_CONVERSION = YES;
				CLANG_WARN_OBJC_IMPLICIT_RETAIN_SELF = YES;
				CLANG_WARN_OBJC_LITERAL_CONVERSION = YES;
				CLANG_WARN_OBJC_ROOT_CLASS = YES_ERROR;
				CLANG_WARN_QUOTED_INCLUDE_IN_FRAMEWORK_HEADER = YES;
				CLANG_WARN_RANGE_LOOP_ANALYSIS = YES;
				CLANG_WARN_STRICT_PROTOTYPES = YES;
				CLANG_WARN_SUSPICIOUS_MOVE = YES;
				CLANG_WARN_UNGUARDED_AVAILABILITY = YES_AGGRESSIVE;
				CLANG_WARN_UNREACHABLE_CODE = YES;
				CLANG_WARN__DUPLICATE_METHOD_MATCH = YES;
				COPY_PHASE_STRIP = NO;
				DEBUG_INFORMATION_FORMAT = "dwarf-with-dsym";
				ENABLE_NS_ASSERTIONS = NO;
				ENABLE_STRICT_OBJC_MSGSEND = YES;
				ENABLE_USER_SCRIPT_SANDBOXING = YES;
				GCC_C_LANGUAGE_STANDARD = gnu17;
				GCC_NO_COMMON_BLOCKS = YES;
				GCC_WARN_64_TO_32_BIT_CONVERSION = YES;
				GCC_WARN_ABOUT_RETURN_TYPE = YES_ERROR;
				GCC_WARN_UNDECLARED_SELECTOR = YES;
				GCC_WARN_UNINITIALIZED_AUTOS = YES_AGGRESSIVE;
				GCC_WARN_UNUSED_FUNCTION = YES;
				GCC_WARN_UNUSED_VARIABLE = YES;
				IPHONEOS_DEPLOYMENT_TARGET = 17.2;
				LOCALIZATION_PREFERS_STRING_CATALOGS = YES;
				MTL_ENABLE_DEBUG_INFO = NO;
				MTL_FAST_MATH = YES;
				SDKROOT = iphoneos;
				SWIFT_COMPILATION_MODE = wholemodule;
				VALIDATE_PRODUCT = YES;
			};
			name = Release;
		};
		CA2AC8B42C63A7910067D2A5 /* Debug */ = {
			isa = XCBuildConfiguration;
			buildSettings = {
				ASSETCATALOG_COMPILER_APPICON_NAME = AppIcon;
				ASSETCATALOG_COMPILER_GLOBAL_ACCENT_COLOR_NAME = AccentColor;
				CODE_SIGN_STYLE = Automatic;
				CURRENT_PROJECT_VERSION = 1;
				DEVELOPMENT_ASSET_PATHS = "\"FirstRowSwiftUI/Preview Content\"";
				DEVELOPMENT_TEAM = DDX45LBBX3;
				ENABLE_PREVIEWS = YES;
				GENERATE_INFOPLIST_FILE = YES;
				INFOPLIST_KEY_UIApplicationSceneManifest_Generation = YES;
				INFOPLIST_KEY_UIApplicationSupportsIndirectInputEvents = YES;
				INFOPLIST_KEY_UILaunchScreen_Generation = YES;
				INFOPLIST_KEY_UILaunchStoryboardName = "Launch Screen.storyboard";
				INFOPLIST_KEY_UIStatusBarStyle = "";
				INFOPLIST_KEY_UISupportedInterfaceOrientations = "UIInterfaceOrientationLandscapeRight UIInterfaceOrientationPortrait";
				INFOPLIST_KEY_UISupportedInterfaceOrientations_iPad = UIInterfaceOrientationPortrait;
				LD_RUNPATH_SEARCH_PATHS = (
					"$(inherited)",
					"@executable_path/Frameworks",
				);
				MARKETING_VERSION = 1.0;
				PRODUCT_BUNDLE_IDENTIFIER = com.app.FirstRowSwiftUI;
				PRODUCT_NAME = "$(TARGET_NAME)";
				SWIFT_EMIT_LOC_STRINGS = YES;
				SWIFT_VERSION = 5.0;
				TARGETED_DEVICE_FAMILY = "1,2";
			};
			name = Debug;
		};
		CA2AC8B52C63A7910067D2A5 /* Release */ = {
			isa = XCBuildConfiguration;
			buildSettings = {
				ASSETCATALOG_COMPILER_APPICON_NAME = AppIcon;
				ASSETCATALOG_COMPILER_GLOBAL_ACCENT_COLOR_NAME = AccentColor;
				CODE_SIGN_STYLE = Automatic;
				CURRENT_PROJECT_VERSION = 1;
				DEVELOPMENT_ASSET_PATHS = "\"FirstRowSwiftUI/Preview Content\"";
				DEVELOPMENT_TEAM = DDX45LBBX3;
				ENABLE_PREVIEWS = YES;
				GENERATE_INFOPLIST_FILE = YES;
				INFOPLIST_KEY_UIApplicationSceneManifest_Generation = YES;
				INFOPLIST_KEY_UIApplicationSupportsIndirectInputEvents = YES;
				INFOPLIST_KEY_UILaunchScreen_Generation = YES;
				INFOPLIST_KEY_UILaunchStoryboardName = "Launch Screen.storyboard";
				INFOPLIST_KEY_UIStatusBarStyle = "";
				INFOPLIST_KEY_UISupportedInterfaceOrientations = "UIInterfaceOrientationLandscapeRight UIInterfaceOrientationPortrait";
				INFOPLIST_KEY_UISupportedInterfaceOrientations_iPad = UIInterfaceOrientationPortrait;
				LD_RUNPATH_SEARCH_PATHS = (
					"$(inherited)",
					"@executable_path/Frameworks",
				);
				MARKETING_VERSION = 1.0;
				PRODUCT_BUNDLE_IDENTIFIER = com.app.FirstRowSwiftUI;
				PRODUCT_NAME = "$(TARGET_NAME)";
				SWIFT_EMIT_LOC_STRINGS = YES;
				SWIFT_VERSION = 5.0;
				TARGETED_DEVICE_FAMILY = "1,2";
			};
			name = Release;
		};
		CA2AC8B72C63A7910067D2A5 /* Debug */ = {
			isa = XCBuildConfiguration;
			buildSettings = {
				ALWAYS_EMBED_SWIFT_STANDARD_LIBRARIES = YES;
				BUNDLE_LOADER = "$(TEST_HOST)";
				CODE_SIGN_STYLE = Automatic;
				CURRENT_PROJECT_VERSION = 1;
				DEVELOPMENT_TEAM = DDX45LBBX3;
				GENERATE_INFOPLIST_FILE = YES;
				IPHONEOS_DEPLOYMENT_TARGET = 17.2;
				MARKETING_VERSION = 1.0;
				PRODUCT_BUNDLE_IDENTIFIER = com.app.FirstRowSwiftUITests;
				PRODUCT_NAME = "$(TARGET_NAME)";
				SWIFT_EMIT_LOC_STRINGS = NO;
				SWIFT_VERSION = 5.0;
				TARGETED_DEVICE_FAMILY = "1,2";
				TEST_HOST = "$(BUILT_PRODUCTS_DIR)/FirstRowSwiftUI.app/$(BUNDLE_EXECUTABLE_FOLDER_PATH)/FirstRowSwiftUI";
			};
			name = Debug;
		};
		CA2AC8B82C63A7910067D2A5 /* Release */ = {
			isa = XCBuildConfiguration;
			buildSettings = {
				ALWAYS_EMBED_SWIFT_STANDARD_LIBRARIES = YES;
				BUNDLE_LOADER = "$(TEST_HOST)";
				CODE_SIGN_STYLE = Automatic;
				CURRENT_PROJECT_VERSION = 1;
				DEVELOPMENT_TEAM = DDX45LBBX3;
				GENERATE_INFOPLIST_FILE = YES;
				IPHONEOS_DEPLOYMENT_TARGET = 17.2;
				MARKETING_VERSION = 1.0;
				PRODUCT_BUNDLE_IDENTIFIER = com.app.FirstRowSwiftUITests;
				PRODUCT_NAME = "$(TARGET_NAME)";
				SWIFT_EMIT_LOC_STRINGS = NO;
				SWIFT_VERSION = 5.0;
				TARGETED_DEVICE_FAMILY = "1,2";
				TEST_HOST = "$(BUILT_PRODUCTS_DIR)/FirstRowSwiftUI.app/$(BUNDLE_EXECUTABLE_FOLDER_PATH)/FirstRowSwiftUI";
			};
			name = Release;
		};
		CA2AC8BA2C63A7910067D2A5 /* Debug */ = {
			isa = XCBuildConfiguration;
			buildSettings = {
				ALWAYS_EMBED_SWIFT_STANDARD_LIBRARIES = YES;
				CODE_SIGN_STYLE = Automatic;
				CURRENT_PROJECT_VERSION = 1;
				DEVELOPMENT_TEAM = DDX45LBBX3;
				GENERATE_INFOPLIST_FILE = YES;
				MARKETING_VERSION = 1.0;
				PRODUCT_BUNDLE_IDENTIFIER = com.app.FirstRowSwiftUIUITests;
				PRODUCT_NAME = "$(TARGET_NAME)";
				SWIFT_EMIT_LOC_STRINGS = NO;
				SWIFT_VERSION = 5.0;
				TARGETED_DEVICE_FAMILY = "1,2";
				TEST_TARGET_NAME = FirstRowSwiftUI;
			};
			name = Debug;
		};
		CA2AC8BB2C63A7910067D2A5 /* Release */ = {
			isa = XCBuildConfiguration;
			buildSettings = {
				ALWAYS_EMBED_SWIFT_STANDARD_LIBRARIES = YES;
				CODE_SIGN_STYLE = Automatic;
				CURRENT_PROJECT_VERSION = 1;
				DEVELOPMENT_TEAM = DDX45LBBX3;
				GENERATE_INFOPLIST_FILE = YES;
				MARKETING_VERSION = 1.0;
				PRODUCT_BUNDLE_IDENTIFIER = com.app.FirstRowSwiftUIUITests;
				PRODUCT_NAME = "$(TARGET_NAME)";
				SWIFT_EMIT_LOC_STRINGS = NO;
				SWIFT_VERSION = 5.0;
				TARGETED_DEVICE_FAMILY = "1,2";
				TEST_TARGET_NAME = FirstRowSwiftUI;
			};
			name = Release;
		};
/* End XCBuildConfiguration section */

/* Begin XCConfigurationList section */
		CA2AC88A2C63A78C0067D2A5 /* Build configuration list for PBXProject "FirstRowSwiftUI" */ = {
			isa = XCConfigurationList;
			buildConfigurations = (
				CA2AC8B12C63A7910067D2A5 /* Debug */,
				CA2AC8B22C63A7910067D2A5 /* Release */,
			);
			defaultConfigurationIsVisible = 0;
			defaultConfigurationName = Release;
		};
		CA2AC8B32C63A7910067D2A5 /* Build configuration list for PBXNativeTarget "FirstRowSwiftUI" */ = {
			isa = XCConfigurationList;
			buildConfigurations = (
				CA2AC8B42C63A7910067D2A5 /* Debug */,
				CA2AC8B52C63A7910067D2A5 /* Release */,
			);
			defaultConfigurationIsVisible = 0;
			defaultConfigurationName = Release;
		};
		CA2AC8B62C63A7910067D2A5 /* Build configuration list for PBXNativeTarget "FirstRowSwiftUITests" */ = {
			isa = XCConfigurationList;
			buildConfigurations = (
				CA2AC8B72C63A7910067D2A5 /* Debug */,
				CA2AC8B82C63A7910067D2A5 /* Release */,
			);
			defaultConfigurationIsVisible = 0;
			defaultConfigurationName = Release;
		};
		CA2AC8B92C63A7910067D2A5 /* Build configuration list for PBXNativeTarget "FirstRowSwiftUIUITests" */ = {
			isa = XCConfigurationList;
			buildConfigurations = (
				CA2AC8BA2C63A7910067D2A5 /* Debug */,
				CA2AC8BB2C63A7910067D2A5 /* Release */,
			);
			defaultConfigurationIsVisible = 0;
			defaultConfigurationName = Release;
		};
/* End XCConfigurationList section */

/* Begin XCRemoteSwiftPackageReference section */
		CA7093152C650E12009E1A08 /* XCRemoteSwiftPackageReference "Alamofire" */ = {
			isa = XCRemoteSwiftPackageReference;
			repositoryURL = "https://github.com/Alamofire/Alamofire";
			requirement = {
				kind = upToNextMajorVersion;
				minimumVersion = 5.9.1;
			};
		};
/* End XCRemoteSwiftPackageReference section */

/* Begin XCSwiftPackageProductDependency section */
		CA7093162C650E14009E1A08 /* Alamofire */ = {
			isa = XCSwiftPackageProductDependency;
			package = CA7093152C650E12009E1A08 /* XCRemoteSwiftPackageReference "Alamofire" */;
			productName = Alamofire;
		};
/* End XCSwiftPackageProductDependency section */
	};
	rootObject = CA2AC8872C63A78C0067D2A5 /* Project object */;
}
