// !$*UTF8*$!
{
	archiveVersion = 1;
	classes = {
	};
	objectVersion = 56;
	objects = {

/* Begin PBXBuildFile section */
		CA2AC8932C63A78C0067D2A5 /* FirstRowSwiftUIApp.swift in Sources */ = {isa = PBXBuildFile; fileRef = CA2AC8922C63A78C0067D2A5 /* FirstRowSwiftUIApp.swift */; };
		CA2AC8952C63A78C0067D2A5 /* ContentView.swift in Sources */ = {isa = PBXBuildFile; fileRef = CA2AC8942C63A78C0067D2A5 /* ContentView.swift */; };
		CA2AC8972C63A7900067D2A5 /* Assets.xcassets in Resources */ = {isa = PBXBuildFile; fileRef = CA2AC8962C63A7900067D2A5 /* Assets.xcassets */; };
		CA2AC89A2C63A7900067D2A5 /* Preview Assets.xcassets in Resources */ = {isa = PBXBuildFile; fileRef = CA2AC8992C63A7900067D2A5 /* Preview Assets.xcassets */; };
		CA2AC8A42C63A7900067D2A5 /* FirstRowSwiftUITests.swift in Sources */ = {isa = PBXBuildFile; fileRef = CA2AC8A32C63A7900067D2A5 /* FirstRowSwiftUITests.swift */; };
		CA2AC8AE2C63A7910067D2A5 /* FirstRowSwiftUIUITests.swift in Sources */ = {isa = PBXBuildFile; fileRef = CA2AC8AD2C63A7910067D2A5 /* FirstRowSwiftUIUITests.swift */; };
		CA2AC8B02C63A7910067D2A5 /* FirstRowSwiftUIUITestsLaunchTests.swift in Sources */ = {isa = PBXBuildFile; fileRef = CA2AC8AF2C63A7910067D2A5 /* FirstRowSwiftUIUITestsLaunchTests.swift */; };
/* End PBXBuildFile section */

/* Begin PBXContainerItemProxy section */
		CA2AC8A02C63A7900067D2A5 /* PBXContainerItemProxy */ = {
			isa = PBXContainerItemProxy;
			containerPortal = CA2AC8872C63A78C0067D2A5 /* Project object */;
			proxyType = 1;
			remoteGlobalIDString = CA2AC88E2C63A78C0067D2A5;
			remoteInfo = FirstRowSwiftUI;
		};
		CA2AC8AA2C63A7910067D2A5 /* PBXContainerItemProxy */ = {
			isa = PBXContainerItemProxy;
			containerPortal = CA2AC8872C63A78C0067D2A5 /* Project object */;
			proxyType = 1;
			remoteGlobalIDString = CA2AC88E2C63A78C0067D2A5;
			remoteInfo = FirstRowSwiftUI;
		};
/* End PBXContainerItemProxy section */

/* Begin PBXFileReference section */
		CA2AC88F2C63A78C0067D2A5 /* FirstRowSwiftUI.app */ = {isa = PBXFileReference; explicitFileType = wrapper.application; includeInIndex = 0; path = FirstRowSwiftUI.app; sourceTree = BUILT_PRODUCTS_DIR; };
		CA2AC8922C63A78C0067D2A5 /* FirstRowSwiftUIApp.swift */ = {isa = PBXFileReference; lastKnownFileType = sourcecode.swift; path = FirstRowSwiftUIApp.swift; sourceTree = "<group>"; };
		CA2AC8942C63A78C0067D2A5 /* ContentView.swift */ = {isa = PBXFileReference; lastKnownFileType = sourcecode.swift; path = ContentView.swift; sourceTree = "<group>"; };
		CA2AC8962C63A7900067D2A5 /* Assets.xcassets */ = {isa = PBXFileReference; lastKnownFileType = folder.assetcatalog; path = Assets.xcassets; sourceTree = "<group>"; };
		CA2AC8992C63A7900067D2A5 /* Preview Assets.xcassets */ = {isa = PBXFileReference; lastKnownFileType = folder.assetcatalog; path = "Preview Assets.xcassets"; sourceTree = "<group>"; };
		CA2AC89F2C63A7900067D2A5 /* FirstRowSwiftUITests.xctest */ = {isa = PBXFileReference; explicitFileType = wrapper.cfbundle; includeInIndex = 0; path = FirstRowSwiftUITests.xctest; sourceTree = BUILT_PRODUCTS_DIR; };
		CA2AC8A32C63A7900067D2A5 /* FirstRowSwiftUITests.swift */ = {isa = PBXFileReference; lastKnownFileType = sourcecode.swift; path = FirstRowSwiftUITests.swift; sourceTree = "<group>"; };
		CA2AC8A92C63A7910067D2A5 /* FirstRowSwiftUIUITests.xctest */ = {isa = PBXFileReference; explicitFileType = wrapper.cfbundle; includeInIndex = 0; path = FirstRowSwiftUIUITests.xctest; sourceTree = BUILT_PRODUCTS_DIR; };
		CA2AC8AD2C63A7910067D2A5 /* FirstRowSwiftUIUITests.swift */ = {isa = PBXFileReference; lastKnownFileType = sourcecode.swift; path = FirstRowSwiftUIUITests.swift; sourceTree = "<group>"; };
		CA2AC8AF2C63A7910067D2A5 /* FirstRowSwiftUIUITestsLaunchTests.swift */ = {isa = PBXFileReference; lastKnownFileType = sourcecode.swift; path = FirstRowSwiftUIUITestsLaunchTests.swift; sourceTree = "<group>"; };
/* End PBXFileReference section */

/* Begin PBXFrameworksBuildPhase section */
		CA2AC88C2C63A78C0067D2A5 /* Frameworks */ = {
			isa = PBXFrameworksBuildPhase;
			buildActionMask = 2147483647;
			files = (
			);
			runOnlyForDeploymentPostprocessing = 0;
		};
		CA2AC89C2C63A7900067D2A5 /* Frameworks */ = {
			isa = PBXFrameworksBuildPhase;
			buildActionMask = 2147483647;
			files = (
			);
			runOnlyForDeploymentPostprocessing = 0;
		};
		CA2AC8A62C63A7910067D2A5 /* Frameworks */ = {
			isa = PBXFrameworksBuildPhase;
			buildActionMask = 2147483647;
			files = (
			);
			runOnlyForDeploymentPostprocessing = 0;
		};
/* End PBXFrameworksBuildPhase section */

/* Begin PBXGroup section */
		CA2AC8862C63A78C0067D2A5 = {
			isa = PBXGroup;
			children = (
				CA2AC8912C63A78C0067D2A5 /* FirstRowSwiftUI */,
				CA2AC8A22C63A7900067D2A5 /* FirstRowSwiftUITests */,
				CA2AC8AC2C63A7910067D2A5 /* FirstRowSwiftUIUITests */,
				CA2AC8902C63A78C0067D2A5 /* Products */,
			);
			sourceTree = "<group>";
		};
		CA2AC8902C63A78C0067D2A5 /* Products */ = {
			isa = PBXGroup;
			children = (
				CA2AC88F2C63A78C0067D2A5 /* FirstRowSwiftUI.app */,
				CA2AC89F2C63A7900067D2A5 /* FirstRowSwiftUITests.xctest */,
				CA2AC8A92C63A7910067D2A5 /* FirstRowSwiftUIUITests.xctest */,
			);
			name = Products;
			sourceTree = "<group>";
		};
		CA2AC8912C63A78C0067D2A5 /* FirstRowSwiftUI */ = {
			isa = PBXGroup;
			children = (
				CA2AC8922C63A78C0067D2A5 /* FirstRowSwiftUIApp.swift */,
				CA2AC8942C63A78C0067D2A5 /* ContentView.swift */,
				CA2AC8962C63A7900067D2A5 /* Assets.xcassets */,
				CA2AC8982C63A7900067D2A5 /* Preview Content */,
			);
			path = FirstRowSwiftUI;
			sourceTree = "<group>";
		};
		CA2AC8982C63A7900067D2A5 /* Preview Content */ = {
			isa = PBXGroup;
			children = (
				CA2AC8992C63A7900067D2A5 /* Preview Assets.xcassets */,
			);
			path = "Preview Content";
			sourceTree = "<group>";
		};
		CA2AC8A22C63A7900067D2A5 /* FirstRowSwiftUITests */ = {
			isa = PBXGroup;
			children = (
				CA2AC8A32C63A7900067D2A5 /* FirstRowSwiftUITests.swift */,
			);
			path = FirstRowSwiftUITests;
			sourceTree = "<group>";
		};
		CA2AC8AC2C63A7910067D2A5 /* FirstRowSwiftUIUITests */ = {
			isa = PBXGroup;
			children = (
				CA2AC8AD2C63A7910067D2A5 /* FirstRowSwiftUIUITests.swift */,
				CA2AC8AF2C63A7910067D2A5 /* FirstRowSwiftUIUITestsLaunchTests.swift */,
			);
			path = FirstRowSwiftUIUITests;
			sourceTree = "<group>";
		};
/* End PBXGroup section */

/* Begin PBXNativeTarget section */
		CA2AC88E2C63A78C0067D2A5 /* FirstRowSwiftUI */ = {
			isa = PBXNativeTarget;
			buildConfigurationList = CA2AC8B32C63A7910067D2A5 /* Build configuration list for PBXNativeTarget "FirstRowSwiftUI" */;
			buildPhases = (
				CA2AC88B2C63A78C0067D2A5 /* Sources */,
				CA2AC88C2C63A78C0067D2A5 /* Frameworks */,
				CA2AC88D2C63A78C0067D2A5 /* Resources */,
			);
			buildRules = (
			);
			dependencies = (
			);
			name = FirstRowSwiftUI;
			productName = FirstRowSwiftUI;
			productReference = CA2AC88F2C63A78C0067D2A5 /* FirstRowSwiftUI.app */;
			productType = "com.apple.product-type.application";
		};
		CA2AC89E2C63A7900067D2A5 /* FirstRowSwiftUITests */ = {
			isa = PBXNativeTarget;
			buildConfigurationList = CA2AC8B62C63A7910067D2A5 /* Build configuration list for PBXNativeTarget "FirstRowSwiftUITests" */;
			buildPhases = (
				CA2AC89B2C63A7900067D2A5 /* Sources */,
				CA2AC89C2C63A7900067D2A5 /* Frameworks */,
				CA2AC89D2C63A7900067D2A5 /* Resources */,
			);
			buildRules = (
			);
			dependencies = (
				CA2AC8A12C63A7900067D2A5 /* PBXTargetDependency */,
			);
			name = FirstRowSwiftUITests;
			productName = FirstRowSwiftUITests;
			productReference = CA2AC89F2C63A7900067D2A5 /* FirstRowSwiftUITests.xctest */;
			productType = "com.apple.product-type.bundle.unit-test";
		};
		CA2AC8A82C63A7910067D2A5 /* FirstRowSwiftUIUITests */ = {
			isa = PBXNativeTarget;
			buildConfigurationList = CA2AC8B92C63A7910067D2A5 /* Build configuration list for PBXNativeTarget "FirstRowSwiftUIUITests" */;
			buildPhases = (
				CA2AC8A52C63A7910067D2A5 /* Sources */,
				CA2AC8A62C63A7910067D2A5 /* Frameworks */,
				CA2AC8A72C63A7910067D2A5 /* Resources */,
			);
			buildRules = (
			);
			dependencies = (
				CA2AC8AB2C63A7910067D2A5 /* PBXTargetDependency */,
			);
			name = FirstRowSwiftUIUITests;
			productName = FirstRowSwiftUIUITests;
			productReference = CA2AC8A92C63A7910067D2A5 /* FirstRowSwiftUIUITests.xctest */;
			productType = "com.apple.product-type.bundle.ui-testing";
		};
/* End PBXNativeTarget section */

/* Begin PBXProject section */
		CA2AC8872C63A78C0067D2A5 /* Project object */ = {
			isa = PBXProject;
			attributes = {
				BuildIndependentTargetsInParallel = 1;
				LastSwiftUpdateCheck = 1520;
				LastUpgradeCheck = 1520;
				TargetAttributes = {
					CA2AC88E2C63A78C0067D2A5 = {
						CreatedOnToolsVersion = 15.2;
					};
					CA2AC89E2C63A7900067D2A5 = {
						CreatedOnToolsVersion = 15.2;
						TestTargetID = CA2AC88E2C63A78C0067D2A5;
					};
					CA2AC8A82C63A7910067D2A5 = {
						CreatedOnToolsVersion = 15.2;
						TestTargetID = CA2AC88E2C63A78C0067D2A5;
					};
				};
			};
			buildConfigurationList = CA2AC88A2C63A78C0067D2A5 /* Build configuration list for PBXProject "FirstRowSwiftUI" */;
			compatibilityVersion = "Xcode 14.0";
			developmentRegion = en;
			hasScannedForEncodings = 0;
			knownRegions = (
				en,
				Base,
			);
			mainGroup = CA2AC8862C63A78C0067D2A5;
			productRefGroup = CA2AC8902C63A78C0067D2A5 /* Products */;
			projectDirPath = "";
			projectRoot = "";
			targets = (
				CA2AC88E2C63A78C0067D2A5 /* FirstRowSwiftUI */,
				CA2AC89E2C63A7900067D2A5 /* FirstRowSwiftUITests */,
				CA2AC8A82C63A7910067D2A5 /* FirstRowSwiftUIUITests */,
			);
		};
/* End PBXProject section */

/* Begin PBXResourcesBuildPhase section */
		CA2AC88D2C63A78C0067D2A5 /* Resources */ = {
			isa = PBXResourcesBuildPhase;
			buildActionMask = 2147483647;
			files = (
				CA2AC89A2C63A7900067D2A5 /* Preview Assets.xcassets in Resources */,
				CA2AC8972C63A7900067D2A5 /* Assets.xcassets in Resources */,
			);
			runOnlyForDeploymentPostprocessing = 0;
		};
		CA2AC89D2C63A7900067D2A5 /* Resources */ = {
			isa = PBXResourcesBuildPhase;
			buildActionMask = 2147483647;
			files = (
			);
			runOnlyForDeploymentPostprocessing = 0;
		};
		CA2AC8A72C63A7910067D2A5 /* Resources */ = {
			isa = PBXResourcesBuildPhase;
			buildActionMask = 2147483647;
			files = (
			);
			runOnlyForDeploymentPostprocessing = 0;
		};
/* End PBXResourcesBuildPhase section */

/* Begin PBXSourcesBuildPhase section */
		CA2AC88B2C63A78C0067D2A5 /* Sources */ = {
			isa = PBXSourcesBuildPhase;
			buildActionMask = 2147483647;
			files = (
				CA2AC8952C63A78C0067D2A5 /* ContentView.swift in Sources */,
				CA2AC8932C63A78C0067D2A5 /* FirstRowSwiftUIApp.swift in Sources */,
			);
			runOnlyForDeploymentPostprocessing = 0;
		};
		CA2AC89B2C63A7900067D2A5 /* Sources */ = {
			isa = PBXSourcesBuildPhase;
			buildActionMask = 2147483647;
			files = (
				CA2AC8A42C63A7900067D2A5 /* FirstRowSwiftUITests.swift in Sources */,
			);
			runOnlyForDeploymentPostprocessing = 0;
		};
		CA2AC8A52C63A7910067D2A5 /* Sources */ = {
			isa = PBXSourcesBuildPhase;
			buildActionMask = 2147483647;
			files = (
				CA2AC8B02C63A7910067D2A5 /* FirstRowSwiftUIUITestsLaunchTests.swift in Sources */,
				CA2AC8AE2C63A7910067D2A5 /* FirstRowSwiftUIUITests.swift in Sources */,
			);
			runOnlyForDeploymentPostprocessing = 0;
		};
/* End PBXSourcesBuildPhase section */

/* Begin PBXTargetDependency section */
		CA2AC8A12C63A7900067D2A5 /* PBXTargetDependency */ = {
			isa = PBXTargetDependency;
			target = CA2AC88E2C63A78C0067D2A5 /* FirstRowSwiftUI */;
			targetProxy = CA2AC8A02C63A7900067D2A5 /* PBXContainerItemProxy */;
		};
		CA2AC8AB2C63A7910067D2A5 /* PBXTargetDependency */ = {
			isa = PBXTargetDependency;
			target = CA2AC88E2C63A78C0067D2A5 /* FirstRowSwiftUI */;
			targetProxy = CA2AC8AA2C63A7910067D2A5 /* PBXContainerItemProxy */;
		};
/* End PBXTargetDependency section */

/* Begin XCBuildConfiguration section */
		CA2AC8B12C63A7910067D2A5 /* Debug */ = {
			isa = XCBuildConfiguration;
			buildSettings = {
				ALWAYS_SEARCH_USER_PATHS = NO;
				ASSETCATALOG_COMPILER_GENERATE_SWIFT_ASSET_SYMBOL_EXTENSIONS = YES;
				CLANG_ANALYZER_NONNULL = YES;
				CLANG_ANALYZER_NUMBER_OBJECT_CONVERSION = YES_AGGRESSIVE;
				CLANG_CXX_LANGUAGE_STANDARD = "gnu++20";
				CLANG_ENABLE_MODULES = YES;
				CLANG_ENABLE_OBJC_ARC = YES;
				CLANG_ENABLE_OBJC_WEAK = YES;
				CLANG_WARN_BLOCK_CAPTURE_AUTORELEASING = YES;
				CLANG_WARN_BOOL_CONVERSION = YES;
				CLANG_WARN_COMMA = YES;
				CLANG_WARN_CONSTANT_CONVERSION = YES;
				CLANG_WARN_DEPRECATED_OBJC_IMPLEMENTATIONS = YES;
				CLANG_WARN_DIRECT_OBJC_ISA_USAGE = YES_ERROR;
				CLANG_WARN_DOCUMENTATION_COMMENTS = YES;
				CLANG_WARN_EMPTY_BODY = YES;
				CLANG_WARN_ENUM_CONVERSION = YES;
				CLANG_WARN_INFINITE_RECURSION = YES;
				CLANG_WARN_INT_CONVERSION = YES;
				CLANG_WARN_NON_LITERAL_NULL_CONVERSION = YES;
				CLANG_WARN_OBJC_IMPLICIT_RETAIN_SELF = YES;
				CLANG_WARN_OBJC_LITERAL_CONVERSION = YES;
				CLANG_WARN_OBJC_ROOT_CLASS = YES_ERROR;
				CLANG_WARN_QUOTED_INCLUDE_IN_FRAMEWORK_HEADER = YES;
				CLANG_WARN_RANGE_LOOP_ANALYSIS = YES;
				CLANG_WARN_STRICT_PROTOTYPES = YES;
				CLANG_WARN_SUSPICIOUS_MOVE = YES;
				CLANG_WARN_UNGUARDED_AVAILABILITY = YES_AGGRESSIVE;
				CLANG_WARN_UNREACHABLE_CODE = YES;
				CLANG_WARN__DUPLICATE_METHOD_MATCH = YES;
				COPY_PHASE_STRIP = NO;
				DEBUG_INFORMATION_FORMAT = dwarf;
				ENABLE_STRICT_OBJC_MSGSEND = YES;
				ENABLE_TESTABILITY = YES;
				ENABLE_USER_SCRIPT_SANDBOXING = YES;
				GCC_C_LANGUAGE_STANDARD = gnu17;
				GCC_DYNAMIC_NO_PIC = NO;
				GCC_NO_COMMON_BLOCKS = YES;
				GCC_OPTIMIZATION_LEVEL = 0;
				GCC_PREPROCESSOR_DEFINITIONS = (
					"DEBUG=1",
					"$(inherited)",
				);
				GCC_WARN_64_TO_32_BIT_CONVERSION = YES;
				GCC_WARN_ABOUT_RETURN_TYPE = YES_ERROR;
				GCC_WARN_UNDECLARED_SELECTOR = YES;
				GCC_WARN_UNINITIALIZED_AUTOS = YES_AGGRESSIVE;
				GCC_WARN_UNUSED_FUNCTION = YES;
				GCC_WARN_UNUSED_VARIABLE = YES;
				IPHONEOS_DEPLOYMENT_TARGET = 17.2;
				LOCALIZATION_PREFERS_STRING_CATALOGS = YES;
				MTL_ENABLE_DEBUG_INFO = INCLUDE_SOURCE;
				MTL_FAST_MATH = YES;
				ONLY_ACTIVE_ARCH = YES;
				SDKROOT = iphoneos;
				SWIFT_ACTIVE_COMPILATION_CONDITIONS = "DEBUG $(inherited)";
				SWIFT_OPTIMIZATION_LEVEL = "-Onone";
			};
			name = Debug;
		};
		CA2AC8B22C63A7910067D2A5 /* Release */ = {
			isa = XCBuildConfiguration;
			buildSettings = {
				ALWAYS_SEARCH_USER_PATHS = NO;
				ASSETCATALOG_COMPILER_GENERATE_SWIFT_ASSET_SYMBOL_EXTENSIONS = YES;
				CLANG_ANALYZER_NONNULL = YES;
				CLANG_ANALYZER_NUMBER_OBJECT_CONVERSION = YES_AGGRESSIVE;
				CLANG_CXX_LANGUAGE_STANDARD = "gnu++20";
				CLANG_ENABLE_MODULES = YES;
				CLANG_ENABLE_OBJC_ARC = YES;
				CLANG_ENABLE_OBJC_WEAK = YES;
				CLANG_WARN_BLOCK_CAPTURE_AUTORELEASING = YES;
				CLANG_WARN_BOOL_CONVERSION = YES;
				CLANG_WARN_COMMA = YES;
				CLANG_WARN_CONSTANT_CONVERSION = YES;
				CLANG_WARN_DEPRECATED_OBJC_IMPLEMENTATIONS = YES;
				CLANG_WARN_DIRECT_OBJC_ISA_USAGE = YES_ERROR;
				CLANG_WARN_DOCUMENTATION_COMMENTS = YES;
				CLANG_WARN_EMPTY_BODY = YES;
				CLANG_WARN_ENUM_CONVERSION = YES;
				CLANG_WARN_INFINITE_RECURSION = YES;
				CLANG_WARN_INT_CONVERSION = YES;
				CLANG_WARN_NON_LITERAL_NULL_CONVERSION = YES;
				CLANG_WARN_OBJC_IMPLICIT_RETAIN_SELF = YES;
				CLANG_WARN_OBJC_LITERAL_CONVERSION = YES;
				CLANG_WARN_OBJC_ROOT_CLASS = YES_ERROR;
				CLANG_WARN_QUOTED_INCLUDE_IN_FRAMEWORK_HEADER = YES;
				CLANG_WARN_RANGE_LOOP_ANALYSIS = YES;
				CLANG_WARN_STRICT_PROTOTYPES = YES;
				CLANG_WARN_SUSPICIOUS_MOVE = YES;
				CLANG_WARN_UNGUARDED_AVAILABILITY = YES_AGGRESSIVE;
				CLANG_WARN_UNREACHABLE_CODE = YES;
				CLANG_WARN__DUPLICATE_METHOD_MATCH = YES;
				COPY_PHASE_STRIP = NO;
				DEBUG_INFORMATION_FORMAT = "dwarf-with-dsym";
				ENABLE_NS_ASSERTIONS = NO;
				ENABLE_STRICT_OBJC_MSGSEND = YES;
				ENABLE_USER_SCRIPT_SANDBOXING = YES;
				GCC_C_LANGUAGE_STANDARD = gnu17;
				GCC_NO_COMMON_BLOCKS = YES;
				GCC_WARN_64_TO_32_BIT_CONVERSION = YES;
				GCC_WARN_ABOUT_RETURN_TYPE = YES_ERROR;
				GCC_WARN_UNDECLARED_SELECTOR = YES;
				GCC_WARN_UNINITIALIZED_AUTOS = YES_AGGRESSIVE;
				GCC_WARN_UNUSED_FUNCTION = YES;
				GCC_WARN_UNUSED_VARIABLE = YES;
				IPHONEOS_DEPLOYMENT_TARGET = 17.2;
				LOCALIZATION_PREFERS_STRING_CATALOGS = YES;
				MTL_ENABLE_DEBUG_INFO = NO;
				MTL_FAST_MATH = YES;
				SDKROOT = iphoneos;
				SWIFT_COMPILATION_MODE = wholemodule;
				VALIDATE_PRODUCT = YES;
			};
			name = Release;
		};
		CA2AC8B42C63A7910067D2A5 /* Debug */ = {
			isa = XCBuildConfiguration;
			buildSettings = {
				ASSETCATALOG_COMPILER_APPICON_NAME = AppIcon;
				ASSETCATALOG_COMPILER_GLOBAL_ACCENT_COLOR_NAME = AccentColor;
				CODE_SIGN_STYLE = Automatic;
				CURRENT_PROJECT_VERSION = 1;
				DEVELOPMENT_ASSET_PATHS = "\"FirstRowSwiftUI/Preview Content\"";
				DEVELOPMENT_TEAM = DDX45LBBX3;
				ENABLE_PREVIEWS = YES;
				GENERATE_INFOPLIST_FILE = YES;
				INFOPLIST_KEY_UIApplicationSceneManifest_Generation = YES;
				INFOPLIST_KEY_UIApplicationSupportsIndirectInputEvents = YES;
				INFOPLIST_KEY_UILaunchScreen_Generation = YES;
				INFOPLIST_KEY_UISupportedInterfaceOrientations_iPad = "UIInterfaceOrientationPortrait UIInterfaceOrientationPortraitUpsideDown UIInterfaceOrientationLandscapeLeft UIInterfaceOrientationLandscapeRight";
				INFOPLIST_KEY_UISupportedInterfaceOrientations_iPhone = "UIInterfaceOrientationPortrait UIInterfaceOrientationLandscapeLeft UIInterfaceOrientationLandscapeRight";
				LD_RUNPATH_SEARCH_PATHS = (
					"$(inherited)",
					"@executable_path/Frameworks",
				);
				MARKETING_VERSION = 1.0;
				PRODUCT_BUNDLE_IDENTIFIER = com.app.FirstRowSwiftUI;
				PRODUCT_NAME = "$(TARGET_NAME)";
				SWIFT_EMIT_LOC_STRINGS = YES;
				SWIFT_VERSION = 5.0;
				TARGETED_DEVICE_FAMILY = "1,2";
			};
			name = Debug;
		};
		CA2AC8B52C63A7910067D2A5 /* Release */ = {
			isa = XCBuildConfiguration;
			buildSettings = {
				ASSETCATALOG_COMPILER_APPICON_NAME = AppIcon;
				ASSETCATALOG_COMPILER_GLOBAL_ACCENT_COLOR_NAME = AccentColor;
				CODE_SIGN_STYLE = Automatic;
				CURRENT_PROJECT_VERSION = 1;
				DEVELOPMENT_ASSET_PATHS = "\"FirstRowSwiftUI/Preview Content\"";
				DEVELOPMENT_TEAM = DDX45LBBX3;
				ENABLE_PREVIEWS = YES;
				GENERATE_INFOPLIST_FILE = YES;
				INFOPLIST_KEY_UIApplicationSceneManifest_Generation = YES;
				INFOPLIST_KEY_UIApplicationSupportsIndirectInputEvents = YES;
				INFOPLIST_KEY_UILaunchScreen_Generation = YES;
				INFOPLIST_KEY_UISupportedInterfaceOrientations_iPad = "UIInterfaceOrientationPortrait UIInterfaceOrientationPortraitUpsideDown UIInterfaceOrientationLandscapeLeft UIInterfaceOrientationLandscapeRight";
				INFOPLIST_KEY_UISupportedInterfaceOrientations_iPhone = "UIInterfaceOrientationPortrait UIInterfaceOrientationLandscapeLeft UIInterfaceOrientationLandscapeRight";
				LD_RUNPATH_SEARCH_PATHS = (
					"$(inherited)",
					"@executable_path/Frameworks",
				);
				MARKETING_VERSION = 1.0;
				PRODUCT_BUNDLE_IDENTIFIER = com.app.FirstRowSwiftUI;
				PRODUCT_NAME = "$(TARGET_NAME)";
				SWIFT_EMIT_LOC_STRINGS = YES;
				SWIFT_VERSION = 5.0;
				TARGETED_DEVICE_FAMILY = "1,2";
			};
			name = Release;
		};
		CA2AC8B72C63A7910067D2A5 /* Debug */ = {
			isa = XCBuildConfiguration;
			buildSettings = {
				ALWAYS_EMBED_SWIFT_STANDARD_LIBRARIES = YES;
				BUNDLE_LOADER = "$(TEST_HOST)";
				CODE_SIGN_STYLE = Automatic;
				CURRENT_PROJECT_VERSION = 1;
				DEVELOPMENT_TEAM = DDX45LBBX3;
				GENERATE_INFOPLIST_FILE = YES;
				IPHONEOS_DEPLOYMENT_TARGET = 17.2;
				MARKETING_VERSION = 1.0;
				PRODUCT_BUNDLE_IDENTIFIER = com.app.FirstRowSwiftUITests;
				PRODUCT_NAME = "$(TARGET_NAME)";
				SWIFT_EMIT_LOC_STRINGS = NO;
				SWIFT_VERSION = 5.0;
				TARGETED_DEVICE_FAMILY = "1,2";
				TEST_HOST = "$(BUILT_PRODUCTS_DIR)/FirstRowSwiftUI.app/$(BUNDLE_EXECUTABLE_FOLDER_PATH)/FirstRowSwiftUI";
			};
			name = Debug;
		};
		CA2AC8B82C63A7910067D2A5 /* Release */ = {
			isa = XCBuildConfiguration;
			buildSettings = {
				ALWAYS_EMBED_SWIFT_STANDARD_LIBRARIES = YES;
				BUNDLE_LOADER = "$(TEST_HOST)";
				CODE_SIGN_STYLE = Automatic;
				CURRENT_PROJECT_VERSION = 1;
				DEVELOPMENT_TEAM = DDX45LBBX3;
				GENERATE_INFOPLIST_FILE = YES;
				IPHONEOS_DEPLOYMENT_TARGET = 17.2;
				MARKETING_VERSION = 1.0;
				PRODUCT_BUNDLE_IDENTIFIER = com.app.FirstRowSwiftUITests;
				PRODUCT_NAME = "$(TARGET_NAME)";
				SWIFT_EMIT_LOC_STRINGS = NO;
				SWIFT_VERSION = 5.0;
				TARGETED_DEVICE_FAMILY = "1,2";
				TEST_HOST = "$(BUILT_PRODUCTS_DIR)/FirstRowSwiftUI.app/$(BUNDLE_EXECUTABLE_FOLDER_PATH)/FirstRowSwiftUI";
			};
			name = Release;
		};
		CA2AC8BA2C63A7910067D2A5 /* Debug */ = {
			isa = XCBuildConfiguration;
			buildSettings = {
				ALWAYS_EMBED_SWIFT_STANDARD_LIBRARIES = YES;
				CODE_SIGN_STYLE = Automatic;
				CURRENT_PROJECT_VERSION = 1;
				DEVELOPMENT_TEAM = DDX45LBBX3;
				GENERATE_INFOPLIST_FILE = YES;
				MARKETING_VERSION = 1.0;
				PRODUCT_BUNDLE_IDENTIFIER = com.app.FirstRowSwiftUIUITests;
				PRODUCT_NAME = "$(TARGET_NAME)";
				SWIFT_EMIT_LOC_STRINGS = NO;
				SWIFT_VERSION = 5.0;
				TARGETED_DEVICE_FAMILY = "1,2";
				TEST_TARGET_NAME = FirstRowSwiftUI;
			};
			name = Debug;
		};
		CA2AC8BB2C63A7910067D2A5 /* Release */ = {
			isa = XCBuildConfiguration;
			buildSettings = {
				ALWAYS_EMBED_SWIFT_STANDARD_LIBRARIES = YES;
				CODE_SIGN_STYLE = Automatic;
				CURRENT_PROJECT_VERSION = 1;
				DEVELOPMENT_TEAM = DDX45LBBX3;
				GENERATE_INFOPLIST_FILE = YES;
				MARKETING_VERSION = 1.0;
				PRODUCT_BUNDLE_IDENTIFIER = com.app.FirstRowSwiftUIUITests;
				PRODUCT_NAME = "$(TARGET_NAME)";
				SWIFT_EMIT_LOC_STRINGS = NO;
				SWIFT_VERSION = 5.0;
				TARGETED_DEVICE_FAMILY = "1,2";
				TEST_TARGET_NAME = FirstRowSwiftUI;
			};
			name = Release;
		};
/* End XCBuildConfiguration section */

/* Begin XCConfigurationList section */
		CA2AC88A2C63A78C0067D2A5 /* Build configuration list for PBXProject "FirstRowSwiftUI" */ = {
			isa = XCConfigurationList;
			buildConfigurations = (
				CA2AC8B12C63A7910067D2A5 /* Debug */,
				CA2AC8B22C63A7910067D2A5 /* Release */,
			);
			defaultConfigurationIsVisible = 0;
			defaultConfigurationName = Release;
		};
		CA2AC8B32C63A7910067D2A5 /* Build configuration list for PBXNativeTarget "FirstRowSwiftUI" */ = {
			isa = XCConfigurationList;
			buildConfigurations = (
				CA2AC8B42C63A7910067D2A5 /* Debug */,
				CA2AC8B52C63A7910067D2A5 /* Release */,
			);
			defaultConfigurationIsVisible = 0;
			defaultConfigurationName = Release;
		};
		CA2AC8B62C63A7910067D2A5 /* Build configuration list for PBXNativeTarget "FirstRowSwiftUITests" */ = {
			isa = XCConfigurationList;
			buildConfigurations = (
				CA2AC8B72C63A7910067D2A5 /* Debug */,
				CA2AC8B82C63A7910067D2A5 /* Release */,
			);
			defaultConfigurationIsVisible = 0;
			defaultConfigurationName = Release;
		};
		CA2AC8B92C63A7910067D2A5 /* Build configuration list for PBXNativeTarget "FirstRowSwiftUIUITests" */ = {
			isa = XCConfigurationList;
			buildConfigurations = (
				CA2AC8BA2C63A7910067D2A5 /* Debug */,
				CA2AC8BB2C63A7910067D2A5 /* Release */,
			);
			defaultConfigurationIsVisible = 0;
			defaultConfigurationName = Release;
		};
/* End XCConfigurationList section */
	};
	rootObject = CA2AC8872C63A78C0067D2A5 /* Project object */;
}
